<Solution>
  <Project Path="DomainDrivenDesign.Application/DomainDrivenDesign.Application.csproj" Id="f5cbfecf-e7d5-441e-ab40-d68a035a5d85" />
  <Project Path="DomainDrivenDesign.ConsoleApp/DomainDrivenDesign.ConsoleApp.csproj" />
  <Project Path="DomainDrivenDesign.Domain/DomainDrivenDesign.Domain.csproj" />
</Solution>
